
Microsoft Visual Studio Solution File, Format Version 12.00
# Visual Studio Version 16
VisualStudioVersion = 16.0.34407.143
MinimumVisualStudioVersion = 10.0.40219.1
Project("{FAE04EC0-301F-11D3-BF4B-00C04F79EFBC}") = "paginaDeVideoGlimpse", "paginaDeVideoGlimpse\paginaDeVideoGlimpse.csproj", "{EE7841CD-3C89-49AD-802C-71430D5F0AED}"
EndProject
Global
	GlobalSection(SolutionConfigurationPlatforms) = preSolution
		Debug|Any CPU = Debug|Any CPU
		Release|Any CPU = Release|Any CPU
	EndGlobalSection
	GlobalSection(ProjectConfigurationPlatforms) = postSolution
		{EE7841CD-3C89-49AD-802C-71430D5F0AED}.Debug|Any CPU.ActiveCfg = Debug|Any CPU
		{EE7841CD-3C89-49AD-802C-71430D5F0AED}.Debug|Any CPU.Build.0 = Debug|Any CPU
		{EE7841CD-3C89-49AD-802C-71430D5F0AED}.Release|Any CPU.ActiveCfg = Release|Any CPU
		{EE7841CD-3C89-49AD-802C-71430D5F0AED}.Release|Any CPU.Build.0 = Release|Any CPU
	EndGlobalSection
	GlobalSection(SolutionProperties) = preSolution
		HideSolutionNode = FALSE
	EndGlobalSection
	GlobalSection(ExtensibilityGlobals) = postSolution
		SolutionGuid = {FB413AE7-249D-435F-B206-B0B055950DAE}
	EndGlobalSection
EndGlobal
